
Microsoft Visual Studio Solution File, Format Version 12.00
# Visual Studio Version 16
VisualStudioVersion = 16.0.29306.81
MinimumVisualStudioVersion = 10.0.40219.1
Project("{FAE04EC0-301F-11D3-BF4B-00C04F79EFBC}") = "BinarySearchTree", "BinarySearchTree\BinarySearchTree.csproj", "{02F5B111-285C-41E0-9338-34AFA9F4E96F}"
EndProject
Global
	GlobalSection(SolutionConfigurationPlatforms) = preSolution
		Debug|Any CPU = Debug|Any CPU
		Release|Any CPU = Release|Any CPU
	EndGlobalSection
	GlobalSection(ProjectConfigurationPlatforms) = postSolution
		{02F5B111-285C-41E0-9338-34AFA9F4E96F}.Debug|Any CPU.ActiveCfg = Debug|Any CPU
		{02F5B111-285C-41E0-9338-34AFA9F4E96F}.Debug|Any CPU.Build.0 = Debug|Any CPU
		{02F5B111-285C-41E0-9338-34AFA9F4E96F}.Release|Any CPU.ActiveCfg = Release|Any CPU
		{02F5B111-285C-41E0-9338-34AFA9F4E96F}.Release|Any CPU.Build.0 = Release|Any CPU
	EndGlobalSection
	GlobalSection(SolutionProperties) = preSolution
		HideSolutionNode = FALSE
	EndGlobalSection
	GlobalSection(ExtensibilityGlobals) = postSolution
		SolutionGuid = {A2A4B3D7-522F-45F5-AEA5-B2CB7F926641}
	EndGlobalSection
EndGlobal
